
Microsoft Visual Studio Solution File, Format Version 12.00
# Visual Studio Version 16
VisualStudioVersion = 16.0.30621.155
MinimumVisualStudioVersion = 10.0.40219.1
Project("{FAE04EC0-301F-11D3-BF4B-00C04F79EFBC}") = "ABC_Company_Solution", "ABC_Company_Solution\ABC_Company_Solution.csproj", "{867F8920-B086-4B2A-9CF7-229E18476F3E}"
EndProject
Global
	GlobalSection(SolutionConfigurationPlatforms) = preSolution
		Debug|Any CPU = Debug|Any CPU
		Release|Any CPU = Release|Any CPU
	EndGlobalSection
	GlobalSection(ProjectConfigurationPlatforms) = postSolution
		{867F8920-B086-4B2A-9CF7-229E18476F3E}.Debug|Any CPU.ActiveCfg = Debug|Any CPU
		{867F8920-B086-4B2A-9CF7-229E18476F3E}.Debug|Any CPU.Build.0 = Debug|Any CPU
		{867F8920-B086-4B2A-9CF7-229E18476F3E}.Release|Any CPU.ActiveCfg = Release|Any CPU
		{867F8920-B086-4B2A-9CF7-229E18476F3E}.Release|Any CPU.Build.0 = Release|Any CPU
	EndGlobalSection
	GlobalSection(SolutionProperties) = preSolution
		HideSolutionNode = FALSE
	EndGlobalSection
	GlobalSection(ExtensibilityGlobals) = postSolution
		SolutionGuid = {A74BCCA3-5FFE-47E7-8E8C-65EDAE07A327}
	EndGlobalSection
EndGlobal
